
Microsoft Visual Studio Solution File, Format Version 12.00
# Visual Studio 14
VisualStudioVersion = 14.0.25420.1
MinimumVisualStudioVersion = 10.0.40219.1
Project("{FAE04EC0-301F-11D3-BF4B-00C04F79EFBC}") = "Exercices", "Exercices\Exercices.csproj", "{63F877AD-E70C-4585-BF52-E7C27ED1E205}"
EndProject
Project("{FAE04EC0-301F-11D3-BF4B-00C04F79EFBC}") = "ExplorateurFichier", "ExplorateurFichier\ExplorateurFichier.csproj", "{1300D597-6EEF-450E-9AB9-1F24856545B6}"
EndProject
Project("{FAE04EC0-301F-11D3-BF4B-00C04F79EFBC}") = "ADO", "ADO\ADO.csproj", "{7E14EED6-56FD-4ADF-B55F-7F0646C9D18E}"
EndProject
Project("{FAE04EC0-301F-11D3-BF4B-00C04F79EFBC}") = "PersonneTerritoire", "PersonneTerritoire\PersonneTerritoire.csproj", "{0A90208D-69D2-41B4-ACA4-F7B138AF4C59}"
EndProject
Project("{FAE04EC0-301F-11D3-BF4B-00C04F79EFBC}") = "CollectionBD", "CollectionBD\CollectionBD.csproj", "{3AC87FF6-15A2-407E-8DF5-486385AB9468}"
EndProject
Global
	GlobalSection(SolutionConfigurationPlatforms) = preSolution
		Debug|Any CPU = Debug|Any CPU
		Release|Any CPU = Release|Any CPU
	EndGlobalSection
	GlobalSection(ProjectConfigurationPlatforms) = postSolution
		{63F877AD-E70C-4585-BF52-E7C27ED1E205}.Debug|Any CPU.ActiveCfg = Debug|Any CPU
		{63F877AD-E70C-4585-BF52-E7C27ED1E205}.Debug|Any CPU.Build.0 = Debug|Any CPU
		{63F877AD-E70C-4585-BF52-E7C27ED1E205}.Release|Any CPU.ActiveCfg = Release|Any CPU
		{63F877AD-E70C-4585-BF52-E7C27ED1E205}.Release|Any CPU.Build.0 = Release|Any CPU
		{1300D597-6EEF-450E-9AB9-1F24856545B6}.Debug|Any CPU.ActiveCfg = Debug|Any CPU
		{1300D597-6EEF-450E-9AB9-1F24856545B6}.Debug|Any CPU.Build.0 = Debug|Any CPU
		{1300D597-6EEF-450E-9AB9-1F24856545B6}.Release|Any CPU.ActiveCfg = Release|Any CPU
		{1300D597-6EEF-450E-9AB9-1F24856545B6}.Release|Any CPU.Build.0 = Release|Any CPU
		{7E14EED6-56FD-4ADF-B55F-7F0646C9D18E}.Debug|Any CPU.ActiveCfg = Debug|Any CPU
		{7E14EED6-56FD-4ADF-B55F-7F0646C9D18E}.Debug|Any CPU.Build.0 = Debug|Any CPU
		{7E14EED6-56FD-4ADF-B55F-7F0646C9D18E}.Release|Any CPU.ActiveCfg = Release|Any CPU
		{7E14EED6-56FD-4ADF-B55F-7F0646C9D18E}.Release|Any CPU.Build.0 = Release|Any CPU
		{0A90208D-69D2-41B4-ACA4-F7B138AF4C59}.Debug|Any CPU.ActiveCfg = Debug|Any CPU
		{0A90208D-69D2-41B4-ACA4-F7B138AF4C59}.Debug|Any CPU.Build.0 = Debug|Any CPU
		{0A90208D-69D2-41B4-ACA4-F7B138AF4C59}.Release|Any CPU.ActiveCfg = Release|Any CPU
		{0A90208D-69D2-41B4-ACA4-F7B138AF4C59}.Release|Any CPU.Build.0 = Release|Any CPU
		{3AC87FF6-15A2-407E-8DF5-486385AB9468}.Debug|Any CPU.ActiveCfg = Debug|Any CPU
		{3AC87FF6-15A2-407E-8DF5-486385AB9468}.Debug|Any CPU.Build.0 = Debug|Any CPU
		{3AC87FF6-15A2-407E-8DF5-486385AB9468}.Release|Any CPU.ActiveCfg = Release|Any CPU
		{3AC87FF6-15A2-407E-8DF5-486385AB9468}.Release|Any CPU.Build.0 = Release|Any CPU
	EndGlobalSection
	GlobalSection(SolutionProperties) = preSolution
		HideSolutionNode = FALSE
	EndGlobalSection
EndGlobal
